
Microsoft Visual Studio Solution File, Format Version 12.00
# Visual Studio Version 16
VisualStudioVersion = 16.0.29806.167
MinimumVisualStudioVersion = 10.0.40219.1
Project("{FAE04EC0-301F-11D3-BF4B-00C04F79EFBC}") = "NDP-PROJE", "NDP-PROJE\NDP-PROJE.csproj", "{7A91AD44-4EC0-4CFC-8E25-31B9B8AA871B}"
EndProject
Global
	GlobalSection(SolutionConfigurationPlatforms) = preSolution
		Debug|Any CPU = Debug|Any CPU
		Release|Any CPU = Release|Any CPU
	EndGlobalSection
	GlobalSection(ProjectConfigurationPlatforms) = postSolution
		{7A91AD44-4EC0-4CFC-8E25-31B9B8AA871B}.Debug|Any CPU.ActiveCfg = Debug|Any CPU
		{7A91AD44-4EC0-4CFC-8E25-31B9B8AA871B}.Debug|Any CPU.Build.0 = Debug|Any CPU
		{7A91AD44-4EC0-4CFC-8E25-31B9B8AA871B}.Release|Any CPU.ActiveCfg = Release|Any CPU
		{7A91AD44-4EC0-4CFC-8E25-31B9B8AA871B}.Release|Any CPU.Build.0 = Release|Any CPU
	EndGlobalSection
	GlobalSection(SolutionProperties) = preSolution
		HideSolutionNode = FALSE
	EndGlobalSection
	GlobalSection(ExtensibilityGlobals) = postSolution
		SolutionGuid = {A8969DBF-8283-4189-8C2F-F6BB9E502BBE}
	EndGlobalSection
EndGlobal
